PODS:
  - Alamofire (5.2.2)
  - AppAuth (1.4.0):
    - AppAuth/Core (= 1.4.0)
    - AppAuth/ExternalUserAgent (= 1.4.0)
  - AppAuth/Core (1.4.0)
  - AppAuth/ExternalUserAgent (1.4.0)
  - DynamicCodable (1.0)
  - Firebase/Analytics (6.30.0):
    - Firebase/Core
  - Firebase/Auth (6.30.0):
    - Firebase/CoreOnly
    - FirebaseAuth (~> 6.8.0)
  - Firebase/Core (6.30.0):
    - Firebase/CoreOnly
    - FirebaseAnalytics (= 6.7.2)
  - Firebase/CoreOnly (6.30.0):
    - FirebaseCore (= 6.10.0)
  - Firebase/Database (6.30.0):
    - Firebase/CoreOnly
    - FirebaseDatabase (~> 6.5.0)
  - Firebase/Storage (6.30.0):
    - Firebase/CoreOnly
    - FirebaseStorage (~> 3.9.0)
  - FirebaseAnalytics (6.7.2):
    - FirebaseCore (~> 6.8)
    - FirebaseInstallations (~> 1.4)
    - GoogleAppMeasurement (= 6.7.2)
    - GoogleUtilities/AppDelegateSwizzler (~> 6.7)
    - GoogleUtilities/MethodSwizzler (~> 6.7)
    - GoogleUtilities/Network (~> 6.7)
    - "GoogleUtilities/NSData+zlib (~> 6.7)"
    - nanopb (~> 1.30905.0)
  - FirebaseAuth (6.8.0):
    - FirebaseCore (~> 6.10)
    - GoogleUtilities/AppDelegateSwizzler (~> 6.7)
    - GoogleUtilities/Environment (~> 6.7)
    - GTMSessionFetcher/Core (~> 1.1)
  - FirebaseCore (6.10.0):
    - FirebaseCoreDiagnostics (~> 1.3)
    - GoogleUtilities/Environment (~> 6.7)
    - GoogleUtilities/Logger (~> 6.7)
  - FirebaseCoreDiagnostics (1.5.0):
    - GoogleDataTransport (~> 7.0)
    - GoogleUtilities/Environment (~> 6.7)
    - GoogleUtilities/Logger (~> 6.7)
    - nanopb (~> 1.30905.0)
  - FirebaseDatabase (6.5.0):
    - FirebaseCore (~> 6.10)
    - leveldb-library (~> 1.22)
  - FirebaseInstallations (1.6.0):
    - FirebaseCore (~> 6.10)
    - GoogleUtilities/Environment (~> 6.7)
    - GoogleUtilities/UserDefaults (~> 6.7)
    - PromisesObjC (~> 1.2)
  - FirebaseStorage (3.9.0):
    - FirebaseCore (~> 6.10)
    - GTMSessionFetcher/Core (~> 1.1)
  - GoogleAppMeasurement (6.7.2):
    - GoogleUtilities/AppDelegateSwizzler (~> 6.7)
    - GoogleUtilities/MethodSwizzler (~> 6.7)
    - GoogleUtilities/Network (~> 6.7)
    - "GoogleUtilities/NSData+zlib (~> 6.7)"
    - nanopb (~> 1.30905.0)
  - GoogleDataTransport (7.2.0):
    - nanopb (~> 1.30905.0)
  - GoogleSignIn (5.0.2):
    - AppAuth (~> 1.2)
    - GTMAppAuth (~> 1.0)
    - GTMSessionFetcher/Core (~> 1.1)
  - GoogleUtilities/AppDelegateSwizzler (6.7.2):
    - GoogleUtilities/Environment
    - GoogleUtilities/Logger
    - GoogleUtilities/Network
  - GoogleUtilities/Environment (6.7.2):
    - PromisesObjC (~> 1.2)
  - GoogleUtilities/Logger (6.7.2):
    - GoogleUtilities/Environment
  - GoogleUtilities/MethodSwizzler (6.7.2):
    - GoogleUtilities/Logger
  - GoogleUtilities/Network (6.7.2):
    - GoogleUtilities/Logger
    - "GoogleUtilities/NSData+zlib"
    - GoogleUtilities/Reachability
  - "GoogleUtilities/NSData+zlib (6.7.2)"
  - GoogleUtilities/Reachability (6.7.2):
    - GoogleUtilities/Logger
  - GoogleUtilities/UserDefaults (6.7.2):
    - GoogleUtilities/Logger
  - GTMAppAuth (1.0.0):
    - AppAuth/Core (~> 1.0)
    - GTMSessionFetcher (~> 1.1)
  - GTMSessionFetcher (1.4.0):
    - GTMSessionFetcher/Full (= 1.4.0)
  - GTMSessionFetcher/Core (1.4.0)
  - GTMSessionFetcher/Full (1.4.0):
    - GTMSessionFetcher/Core (= 1.4.0)
  - KakaoSDK (2.0.0):
    - KakaoSDKAuth (= 2.0.0)
    - KakaoSDKCommon (= 2.0.0)
    - KakaoSDKLink (= 2.0.0)
    - KakaoSDKNavi (= 2.0.0)
    - KakaoSDKStory (= 2.0.0)
    - KakaoSDKTalk (= 2.0.0)
    - KakaoSDKTemplate (= 2.0.0)
    - KakaoSDKUser (= 2.0.0)
  - KakaoSDKAuth (2.0.0):
    - KakaoSDKCommon (= 2.0.0)
  - KakaoSDKCommon (2.0.0):
    - Alamofire (~> 5.1)
    - DynamicCodable (~> 1.0)
  - KakaoSDKLink (2.0.0):
    - KakaoSDKCommon (= 2.0.0)
    - KakaoSDKTemplate (= 2.0.0)
  - KakaoSDKNavi (2.0.0):
    - KakaoSDKCommon (= 2.0.0)
  - KakaoSDKStory (2.0.0):
    - KakaoSDKAuth (= 2.0.0)
    - KakaoSDKCommon (= 2.0.0)
  - KakaoSDKTalk (2.0.0):
    - KakaoSDKAuth (= 2.0.0)
    - KakaoSDKCommon (= 2.0.0)
    - KakaoSDKTemplate (= 2.0.0)
  - KakaoSDKTemplate (2.0.0):
    - KakaoSDKCommon (= 2.0.0)
  - KakaoSDKUser (2.0.0):
    - KakaoSDKAuth (= 2.0.0)
    - KakaoSDKCommon (= 2.0.0)
  - leveldb-library (1.22)
  - nanopb (1.30905.0):
    - nanopb/decode (= 1.30905.0)
    - nanopb/encode (= 1.30905.0)
  - nanopb/decode (1.30905.0)
  - nanopb/encode (1.30905.0)
  - PromisesObjC (1.2.10)

DEPENDENCIES:
  - Firebase/Analytics
  - Firebase/Auth
  - Firebase/Database
  - Firebase/Storage
  - GoogleSignIn
  - KakaoSDK (~> 2.0.0-beta.7)

SPEC REPOS:
  trunk:
    - Alamofire
    - AppAuth
    - DynamicCodable
    - Firebase
    - FirebaseAnalytics
    - FirebaseAuth
    - FirebaseCore
    - FirebaseCoreDiagnostics
    - FirebaseDatabase
    - FirebaseInstallations
    - FirebaseStorage
    - GoogleAppMeasurement
    - GoogleDataTransport
    - GoogleSignIn
    - GoogleUtilities
    - GTMAppAuth
    - GTMSessionFetcher
    - KakaoSDK
    - KakaoSDKAuth
    - KakaoSDKCommon
    - KakaoSDKLink
    - KakaoSDKNavi
    - KakaoSDKStory
    - KakaoSDKTalk
    - KakaoSDKTemplate
    - KakaoSDKUser
    - leveldb-library
    - nanopb
    - PromisesObjC

SPEC CHECKSUMS:
  Alamofire: 814429acc853c6c54ff123fc3d2ef66803823ce0
  AppAuth: 31bcec809a638d7bd2f86ea8a52bd45f6e81e7c7
  DynamicCodable: 2cf558d057b3e6540552943254e1c9eeb706dde2
  Firebase: 210f41ca352067d83b1ba4fd2e7fb49a0c017397
  FirebaseAnalytics: a299a86ef70fcc6aa011418bc65a7e101fb9636c
  FirebaseAuth: 300433de340c1b058dbb8aec224a3f1bcfda5184
  FirebaseCore: 9a41e2de78fef10f63cee30ab10e2945266bc1fc
  FirebaseCoreDiagnostics: 7535fe695737f8c5b350584292a70b7f8ff0357b
  FirebaseDatabase: d85b47213273708e48c972012b39105f76229588
  FirebaseInstallations: 45f9d44d3a8d6f780fa337ee8987dad87210fcbc
  FirebaseStorage: 33b92875a9b556824886cc7a65120c7d2cb3a8d8
  GoogleAppMeasurement: 3def7652b1f5b5a576178dc332e2a36a260fbef6
  GoogleDataTransport: 672fb0ce96fe7f7f31d43672fca62ad2c9c86f7b
  GoogleSignIn: 7137d297ddc022a7e0aa4619c86d72c909fa7213
  GoogleUtilities: 7f2f5a07f888cdb145101d6042bc4422f57e70b3
  GTMAppAuth: 4deac854479704f348309e7b66189e604cf5e01e
  GTMSessionFetcher: 6f5c8abbab8a9bce4bb3f057e317728ec6182b10
  KakaoSDK: 2c3fd749619ca6b2591ce79c3cc7ce7faf670535
  KakaoSDKAuth: 8c4575565c4b7800fb60f3b90baa1198c2299cad
  KakaoSDKCommon: 0273f3c70e1334baa8396d63981bd3e9ad236950
  KakaoSDKLink: fc3850579665c8abdb537879295c95459ec0fa57
  KakaoSDKNavi: e74cac7790517ad59ddb979c52b3b822fb631349
  KakaoSDKStory: 75c29054aa023eb0a22be4b71af801345272e28f
  KakaoSDKTalk: d2e3ecf462744b7df7721ffde67d0e50d5dbc0e7
  KakaoSDKTemplate: e22c40c7d3b4d4f8935bf187a114e28c340e9a0f
  KakaoSDKUser: 15ae4cfde8d85f15a5c74fe72b7f8b1ef574b966
  leveldb-library: 55d93ee664b4007aac644a782d11da33fba316f7
  nanopb: c43f40fadfe79e8b8db116583945847910cbabc9
  PromisesObjC: b14b1c6b68e306650688599de8a45e49fae81151

PODFILE CHECKSUM: b00bfb187ff68abbc64a2a63bac0b9d2ea80cdd8

COCOAPODS: 1.9.3
